
Microsoft Visual Studio Solution File, Format Version 12.00
# Visual Studio Version 17
VisualStudioVersion = 17.11.35222.181
MinimumVisualStudioVersion = 10.0.40219.1
Project("{FAE04EC0-301F-11D3-BF4B-00C04F79EFBC}") = "Task1", "Task1\Task1.csproj", "{D8EDC51A-A5F0-41B4-A873-868783CEDE25}"
EndProject
Project("{FAE04EC0-301F-11D3-BF4B-00C04F79EFBC}") = "Task2", "Task2\Task2.csproj", "{4007DE56-AD4F-42A6-AEFA-3DB84D3B061A}"
EndProject
Project("{FAE04EC0-301F-11D3-BF4B-00C04F79EFBC}") = "Task3", "Task3\Task3.csproj", "{8F68DB72-03C6-4015-87B2-213872130241}"
EndProject
Global
	GlobalSection(SolutionConfigurationPlatforms) = preSolution
		Debug|Any CPU = Debug|Any CPU
		Release|Any CPU = Release|Any CPU
	EndGlobalSection
	GlobalSection(ProjectConfigurationPlatforms) = postSolution
		{D8EDC51A-A5F0-41B4-A873-868783CEDE25}.Debug|Any CPU.ActiveCfg = Debug|Any CPU
		{D8EDC51A-A5F0-41B4-A873-868783CEDE25}.Debug|Any CPU.Build.0 = Debug|Any CPU
		{D8EDC51A-A5F0-41B4-A873-868783CEDE25}.Release|Any CPU.ActiveCfg = Release|Any CPU
		{D8EDC51A-A5F0-41B4-A873-868783CEDE25}.Release|Any CPU.Build.0 = Release|Any CPU
		{4007DE56-AD4F-42A6-AEFA-3DB84D3B061A}.Debug|Any CPU.ActiveCfg = Debug|Any CPU
		{4007DE56-AD4F-42A6-AEFA-3DB84D3B061A}.Debug|Any CPU.Build.0 = Debug|Any CPU
		{4007DE56-AD4F-42A6-AEFA-3DB84D3B061A}.Release|Any CPU.ActiveCfg = Release|Any CPU
		{4007DE56-AD4F-42A6-AEFA-3DB84D3B061A}.Release|Any CPU.Build.0 = Release|Any CPU
		{8F68DB72-03C6-4015-87B2-213872130241}.Debug|Any CPU.ActiveCfg = Debug|Any CPU
		{8F68DB72-03C6-4015-87B2-213872130241}.Debug|Any CPU.Build.0 = Debug|Any CPU
		{8F68DB72-03C6-4015-87B2-213872130241}.Release|Any CPU.ActiveCfg = Release|Any CPU
		{8F68DB72-03C6-4015-87B2-213872130241}.Release|Any CPU.Build.0 = Release|Any CPU
	EndGlobalSection
	GlobalSection(SolutionProperties) = preSolution
		HideSolutionNode = FALSE
	EndGlobalSection
	GlobalSection(ExtensibilityGlobals) = postSolution
		SolutionGuid = {A454BB1E-0380-4ED4-A3DB-AA280EDF7A67}
	EndGlobalSection
EndGlobal
